
Microsoft Visual Studio Solution File, Format Version 12.00
# Visual Studio Version 16
VisualStudioVersion = 16.0.30611.23
MinimumVisualStudioVersion = 10.0.40219.1
Project("{FAE04EC0-301F-11D3-BF4B-00C04F79EFBC}") = "0822UseContextMenu", "0822UseContextMenu\0822UseContextMenu.csproj", "{68DC5C16-9770-4FF2-A81D-EF73CB1B73FC}"
EndProject
Global
	GlobalSection(SolutionConfigurationPlatforms) = preSolution
		Debug|Any CPU = Debug|Any CPU
		Release|Any CPU = Release|Any CPU
	EndGlobalSection
	GlobalSection(ProjectConfigurationPlatforms) = postSolution
		{68DC5C16-9770-4FF2-A81D-EF73CB1B73FC}.Debug|Any CPU.ActiveCfg = Debug|Any CPU
		{68DC5C16-9770-4FF2-A81D-EF73CB1B73FC}.Debug|Any CPU.Build.0 = Debug|Any CPU
		{68DC5C16-9770-4FF2-A81D-EF73CB1B73FC}.Release|Any CPU.ActiveCfg = Release|Any CPU
		{68DC5C16-9770-4FF2-A81D-EF73CB1B73FC}.Release|Any CPU.Build.0 = Release|Any CPU
	EndGlobalSection
	GlobalSection(SolutionProperties) = preSolution
		HideSolutionNode = FALSE
	EndGlobalSection
	GlobalSection(ExtensibilityGlobals) = postSolution
		SolutionGuid = {BC16666F-7363-48BD-88CC-5433F5C76706}
	EndGlobalSection
EndGlobal
