
Microsoft Visual Studio Solution File, Format Version 12.00
# Visual Studio Version 16
VisualStudioVersion = 16.0.30611.23
MinimumVisualStudioVersion = 10.0.40219.1
Project("{FAE04EC0-301F-11D3-BF4B-00C04F79EFBC}") = "0734Path_Polygon_Polyline", "0734Path_Polygon_Polyline\0734Path_Polygon_Polyline.csproj", "{66B2E83D-8D72-4B85-8321-491EB85ACD01}"
EndProject
Global
	GlobalSection(SolutionConfigurationPlatforms) = preSolution
		Debug|Any CPU = Debug|Any CPU
		Release|Any CPU = Release|Any CPU
	EndGlobalSection
	GlobalSection(ProjectConfigurationPlatforms) = postSolution
		{66B2E83D-8D72-4B85-8321-491EB85ACD01}.Debug|Any CPU.ActiveCfg = Debug|Any CPU
		{66B2E83D-8D72-4B85-8321-491EB85ACD01}.Debug|Any CPU.Build.0 = Debug|Any CPU
		{66B2E83D-8D72-4B85-8321-491EB85ACD01}.Release|Any CPU.ActiveCfg = Release|Any CPU
		{66B2E83D-8D72-4B85-8321-491EB85ACD01}.Release|Any CPU.Build.0 = Release|Any CPU
	EndGlobalSection
	GlobalSection(SolutionProperties) = preSolution
		HideSolutionNode = FALSE
	EndGlobalSection
	GlobalSection(ExtensibilityGlobals) = postSolution
		SolutionGuid = {69777C7B-CBB0-4ED4-BA1D-F7F39B62B440}
	EndGlobalSection
EndGlobal
