
Microsoft Visual Studio Solution File, Format Version 12.00
# Visual Studio Version 16
VisualStudioVersion = 16.0.30611.23
MinimumVisualStudioVersion = 10.0.40219.1
Project("{FAE04EC0-301F-11D3-BF4B-00C04F79EFBC}") = "0911ButtonResources", "0911ButtonResources\0911ButtonResources.csproj", "{49CE95E6-58DE-41A0-BF42-2C86B25DD8EC}"
EndProject
Global
	GlobalSection(SolutionConfigurationPlatforms) = preSolution
		Debug|Any CPU = Debug|Any CPU
		Release|Any CPU = Release|Any CPU
	EndGlobalSection
	GlobalSection(ProjectConfigurationPlatforms) = postSolution
		{49CE95E6-58DE-41A0-BF42-2C86B25DD8EC}.Debug|Any CPU.ActiveCfg = Debug|Any CPU
		{49CE95E6-58DE-41A0-BF42-2C86B25DD8EC}.Debug|Any CPU.Build.0 = Debug|Any CPU
		{49CE95E6-58DE-41A0-BF42-2C86B25DD8EC}.Release|Any CPU.ActiveCfg = Release|Any CPU
		{49CE95E6-58DE-41A0-BF42-2C86B25DD8EC}.Release|Any CPU.Build.0 = Release|Any CPU
	EndGlobalSection
	GlobalSection(SolutionProperties) = preSolution
		HideSolutionNode = FALSE
	EndGlobalSection
	GlobalSection(ExtensibilityGlobals) = postSolution
		SolutionGuid = {2145B66B-50C3-4FB1-8BC5-C2D8FAD32786}
	EndGlobalSection
EndGlobal
