
Microsoft Visual Studio Solution File, Format Version 12.00
# Visual Studio Version 16
VisualStudioVersion = 16.0.30611.23
MinimumVisualStudioVersion = 10.0.40219.1
Project("{FAE04EC0-301F-11D3-BF4B-00C04F79EFBC}") = "0914암시적키", "0914암시적키\0914암시적키.csproj", "{C79DE4A1-6540-4EA2-92D7-52CAD33D0E79}"
EndProject
Global
	GlobalSection(SolutionConfigurationPlatforms) = preSolution
		Debug|Any CPU = Debug|Any CPU
		Release|Any CPU = Release|Any CPU
	EndGlobalSection
	GlobalSection(ProjectConfigurationPlatforms) = postSolution
		{C79DE4A1-6540-4EA2-92D7-52CAD33D0E79}.Debug|Any CPU.ActiveCfg = Debug|Any CPU
		{C79DE4A1-6540-4EA2-92D7-52CAD33D0E79}.Debug|Any CPU.Build.0 = Debug|Any CPU
		{C79DE4A1-6540-4EA2-92D7-52CAD33D0E79}.Release|Any CPU.ActiveCfg = Release|Any CPU
		{C79DE4A1-6540-4EA2-92D7-52CAD33D0E79}.Release|Any CPU.Build.0 = Release|Any CPU
	EndGlobalSection
	GlobalSection(SolutionProperties) = preSolution
		HideSolutionNode = FALSE
	EndGlobalSection
	GlobalSection(ExtensibilityGlobals) = postSolution
		SolutionGuid = {218A06F8-67F6-4DC3-ADA8-720B488090AC}
	EndGlobalSection
EndGlobal
