
Microsoft Visual Studio Solution File, Format Version 12.00
# Visual Studio Version 16
VisualStudioVersion = 16.0.30611.23
MinimumVisualStudioVersion = 10.0.40219.1
Project("{FAE04EC0-301F-11D3-BF4B-00C04F79EFBC}") = "0733MagnifiedVisualBrush", "0733MagnifiedVisualBrush\0733MagnifiedVisualBrush.csproj", "{B0ABBE9B-0A1E-494A-9432-2994F0F5806B}"
EndProject
Global
	GlobalSection(SolutionConfigurationPlatforms) = preSolution
		Debug|Any CPU = Debug|Any CPU
		Release|Any CPU = Release|Any CPU
	EndGlobalSection
	GlobalSection(ProjectConfigurationPlatforms) = postSolution
		{B0ABBE9B-0A1E-494A-9432-2994F0F5806B}.Debug|Any CPU.ActiveCfg = Debug|Any CPU
		{B0ABBE9B-0A1E-494A-9432-2994F0F5806B}.Debug|Any CPU.Build.0 = Debug|Any CPU
		{B0ABBE9B-0A1E-494A-9432-2994F0F5806B}.Release|Any CPU.ActiveCfg = Release|Any CPU
		{B0ABBE9B-0A1E-494A-9432-2994F0F5806B}.Release|Any CPU.Build.0 = Release|Any CPU
	EndGlobalSection
	GlobalSection(SolutionProperties) = preSolution
		HideSolutionNode = FALSE
	EndGlobalSection
	GlobalSection(ExtensibilityGlobals) = postSolution
		SolutionGuid = {405CAC82-5373-4E7B-A855-2E052C45081A}
	EndGlobalSection
EndGlobal
