
Microsoft Visual Studio Solution File, Format Version 12.00
# Visual Studio Version 16
VisualStudioVersion = 16.0.30517.126
MinimumVisualStudioVersion = 10.0.40219.1
Project("{FAE04EC0-301F-11D3-BF4B-00C04F79EFBC}") = "0621MouseInput", "0621MouseInput\0621MouseInput.csproj", "{83B9C206-8EC8-4E73-BDEE-FC14AD300570}"
EndProject
Global
	GlobalSection(SolutionConfigurationPlatforms) = preSolution
		Debug|Any CPU = Debug|Any CPU
		Release|Any CPU = Release|Any CPU
	EndGlobalSection
	GlobalSection(ProjectConfigurationPlatforms) = postSolution
		{83B9C206-8EC8-4E73-BDEE-FC14AD300570}.Debug|Any CPU.ActiveCfg = Debug|Any CPU
		{83B9C206-8EC8-4E73-BDEE-FC14AD300570}.Debug|Any CPU.Build.0 = Debug|Any CPU
		{83B9C206-8EC8-4E73-BDEE-FC14AD300570}.Release|Any CPU.ActiveCfg = Release|Any CPU
		{83B9C206-8EC8-4E73-BDEE-FC14AD300570}.Release|Any CPU.Build.0 = Release|Any CPU
	EndGlobalSection
	GlobalSection(SolutionProperties) = preSolution
		HideSolutionNode = FALSE
	EndGlobalSection
	GlobalSection(ExtensibilityGlobals) = postSolution
		SolutionGuid = {B610C3C3-ECA2-4FD8-A058-F9D67429D8D0}
	EndGlobalSection
EndGlobal
