
Microsoft Visual Studio Solution File, Format Version 12.00
# Visual Studio Version 16
VisualStudioVersion = 16.0.30611.23
MinimumVisualStudioVersion = 10.0.40219.1
Project("{FAE04EC0-301F-11D3-BF4B-00C04F79EFBC}") = "12.2.2.GlassButton", "12.2.2.GlassButton\12.2.2.GlassButton.csproj", "{D7C972B1-F414-4A23-8097-A5522ED73FD6}"
EndProject
Global
	GlobalSection(SolutionConfigurationPlatforms) = preSolution
		Debug|Any CPU = Debug|Any CPU
		Release|Any CPU = Release|Any CPU
	EndGlobalSection
	GlobalSection(ProjectConfigurationPlatforms) = postSolution
		{D7C972B1-F414-4A23-8097-A5522ED73FD6}.Debug|Any CPU.ActiveCfg = Debug|Any CPU
		{D7C972B1-F414-4A23-8097-A5522ED73FD6}.Debug|Any CPU.Build.0 = Debug|Any CPU
		{D7C972B1-F414-4A23-8097-A5522ED73FD6}.Release|Any CPU.ActiveCfg = Release|Any CPU
		{D7C972B1-F414-4A23-8097-A5522ED73FD6}.Release|Any CPU.Build.0 = Release|Any CPU
	EndGlobalSection
	GlobalSection(SolutionProperties) = preSolution
		HideSolutionNode = FALSE
	EndGlobalSection
	GlobalSection(ExtensibilityGlobals) = postSolution
		SolutionGuid = {431AE8D0-8C07-4640-928E-EBF84EA32838}
	EndGlobalSection
EndGlobal
