
Microsoft Visual Studio Solution File, Format Version 12.00
# Visual Studio Version 16
VisualStudioVersion = 16.0.30517.126
MinimumVisualStudioVersion = 10.0.40219.1
Project("{FAE04EC0-301F-11D3-BF4B-00C04F79EFBC}") = "0411DependencyProperty", "0411DependencyProperty\0411DependencyProperty.csproj", "{D59A3153-40CE-4BFA-AFD1-24BEEB8218C2}"
EndProject
Global
	GlobalSection(SolutionConfigurationPlatforms) = preSolution
		Debug|Any CPU = Debug|Any CPU
		Release|Any CPU = Release|Any CPU
	EndGlobalSection
	GlobalSection(ProjectConfigurationPlatforms) = postSolution
		{D59A3153-40CE-4BFA-AFD1-24BEEB8218C2}.Debug|Any CPU.ActiveCfg = Debug|Any CPU
		{D59A3153-40CE-4BFA-AFD1-24BEEB8218C2}.Debug|Any CPU.Build.0 = Debug|Any CPU
		{D59A3153-40CE-4BFA-AFD1-24BEEB8218C2}.Release|Any CPU.ActiveCfg = Release|Any CPU
		{D59A3153-40CE-4BFA-AFD1-24BEEB8218C2}.Release|Any CPU.Build.0 = Release|Any CPU
	EndGlobalSection
	GlobalSection(SolutionProperties) = preSolution
		HideSolutionNode = FALSE
	EndGlobalSection
	GlobalSection(ExtensibilityGlobals) = postSolution
		SolutionGuid = {0F82E112-34F8-4F80-9AA0-DAA7DBFA7AA2}
	EndGlobalSection
EndGlobal
