
Microsoft Visual Studio Solution File, Format Version 12.00
# Visual Studio Version 16
VisualStudioVersion = 16.0.30611.23
MinimumVisualStudioVersion = 10.0.40219.1
Project("{FAE04EC0-301F-11D3-BF4B-00C04F79EFBC}") = "0713StrokeDashArray", "0713StrokeDashArray\0713StrokeDashArray.csproj", "{95188658-A089-4FC4-9774-C44F48CDD97F}"
EndProject
Global
	GlobalSection(SolutionConfigurationPlatforms) = preSolution
		Debug|Any CPU = Debug|Any CPU
		Release|Any CPU = Release|Any CPU
	EndGlobalSection
	GlobalSection(ProjectConfigurationPlatforms) = postSolution
		{95188658-A089-4FC4-9774-C44F48CDD97F}.Debug|Any CPU.ActiveCfg = Debug|Any CPU
		{95188658-A089-4FC4-9774-C44F48CDD97F}.Debug|Any CPU.Build.0 = Debug|Any CPU
		{95188658-A089-4FC4-9774-C44F48CDD97F}.Release|Any CPU.ActiveCfg = Release|Any CPU
		{95188658-A089-4FC4-9774-C44F48CDD97F}.Release|Any CPU.Build.0 = Release|Any CPU
	EndGlobalSection
	GlobalSection(SolutionProperties) = preSolution
		HideSolutionNode = FALSE
	EndGlobalSection
	GlobalSection(ExtensibilityGlobals) = postSolution
		SolutionGuid = {239282D5-0B90-4554-A5B6-1C403F5652D3}
	EndGlobalSection
EndGlobal
