
Microsoft Visual Studio Solution File, Format Version 12.00
# Visual Studio Version 16
VisualStudioVersion = 16.0.30517.126
MinimumVisualStudioVersion = 10.0.40219.1
Project("{FAE04EC0-301F-11D3-BF4B-00C04F79EFBC}") = "0532BulletDecorator", "0532BulletDecorator\0532BulletDecorator.csproj", "{B20680C8-7944-42B6-B75F-40437A0CC627}"
EndProject
Global
	GlobalSection(SolutionConfigurationPlatforms) = preSolution
		Debug|Any CPU = Debug|Any CPU
		Release|Any CPU = Release|Any CPU
	EndGlobalSection
	GlobalSection(ProjectConfigurationPlatforms) = postSolution
		{B20680C8-7944-42B6-B75F-40437A0CC627}.Debug|Any CPU.ActiveCfg = Debug|Any CPU
		{B20680C8-7944-42B6-B75F-40437A0CC627}.Debug|Any CPU.Build.0 = Debug|Any CPU
		{B20680C8-7944-42B6-B75F-40437A0CC627}.Release|Any CPU.ActiveCfg = Release|Any CPU
		{B20680C8-7944-42B6-B75F-40437A0CC627}.Release|Any CPU.Build.0 = Release|Any CPU
	EndGlobalSection
	GlobalSection(SolutionProperties) = preSolution
		HideSolutionNode = FALSE
	EndGlobalSection
	GlobalSection(ExtensibilityGlobals) = postSolution
		SolutionGuid = {1E979284-D7A0-4FAB-AB30-BEDF238AC1C5}
	EndGlobalSection
EndGlobal
